
Microsoft Visual Studio Solution File, Format Version 12.00
# Visual Studio Version 16
VisualStudioVersion = 16.0.30104.148
MinimumVisualStudioVersion = 10.0.40219.1
Project("{9A19103F-16F7-4668-BE54-9A1E7A4F7556}") = "Enter_The_Matrix", "Enter_The_Matrix.csproj", "{D7CF0EFD-F9AD-44A6-88B0-CEEDED562AD2}"
EndProject
Global
	GlobalSection(SolutionConfigurationPlatforms) = preSolution
		Debug|Any CPU = Debug|Any CPU
		Release|Any CPU = Release|Any CPU
	EndGlobalSection
	GlobalSection(ProjectConfigurationPlatforms) = postSolution
		{D7CF0EFD-F9AD-44A6-88B0-CEEDED562AD2}.Debug|Any CPU.ActiveCfg = Debug|Any CPU
		{D7CF0EFD-F9AD-44A6-88B0-CEEDED562AD2}.Debug|Any CPU.Build.0 = Debug|Any CPU
		{D7CF0EFD-F9AD-44A6-88B0-CEEDED562AD2}.Release|Any CPU.ActiveCfg = Release|Any CPU
		{D7CF0EFD-F9AD-44A6-88B0-CEEDED562AD2}.Release|Any CPU.Build.0 = Release|Any CPU
	EndGlobalSection
	GlobalSection(SolutionProperties) = preSolution
		HideSolutionNode = FALSE
	EndGlobalSection
	GlobalSection(ExtensibilityGlobals) = postSolution
		SolutionGuid = {B0A7FEC1-7AA9-41DB-92B5-31123D8DE5AF}
	EndGlobalSection
EndGlobal
